
Microsoft Visual Studio Solution File, Format Version 12.00
# Visual Studio 14
VisualStudioVersion = 14.0.25420.1
MinimumVisualStudioVersion = 10.0.40219.1
Project("{2150E333-8FDC-42A3-9474-1A3956D46DE8}") = "Solution Items", "Solution Items", "{81893804-9583-40E1-97C1-90D256F54587}"
	ProjectSection(SolutionItems) = preProject
		global.json = global.json
	EndProjectSection
EndProject
Project("{8BB2217D-0F2D-49D1-97BC-3654ED321F3B}") = "HighFive.Server", "HighFive.Server\HighFive.Server.xproj", "{E55877DA-53AD-4DA8-A62E-CD8C85B4D0D4}"
EndProject
Project("{FAE04EC0-301F-11D3-BF4B-00C04F79EFBC}") = "HighFive.Server.Tests", "HighFive.Server.Tests\HighFive.Server.Tests.csproj", "{4B9E6C55-AF95-4795-98A6-C177A3A66FD1}"
EndProject
Project("{FAE04EC0-301F-11D3-BF4B-00C04F79EFBC}") = "HighFive.Server.Specs", "HighFive.Server.Specs\HighFive.Server.Specs.csproj", "{BA862CB5-A7E6-4A72-B866-ACBB402DFBCF}"
	ProjectSection(ProjectDependencies) = postProject
		{E55877DA-53AD-4DA8-A62E-CD8C85B4D0D4} = {E55877DA-53AD-4DA8-A62E-CD8C85B4D0D4}
	EndProjectSection
EndProject
Global
	GlobalSection(SolutionConfigurationPlatforms) = preSolution
		Debug|Any CPU = Debug|Any CPU
		Release|Any CPU = Release|Any CPU
	EndGlobalSection
	GlobalSection(ProjectConfigurationPlatforms) = postSolution
		{E55877DA-53AD-4DA8-A62E-CD8C85B4D0D4}.Debug|Any CPU.ActiveCfg = Debug|Any CPU
		{E55877DA-53AD-4DA8-A62E-CD8C85B4D0D4}.Debug|Any CPU.Build.0 = Debug|Any CPU
		{E55877DA-53AD-4DA8-A62E-CD8C85B4D0D4}.Release|Any CPU.ActiveCfg = Release|Any CPU
		{E55877DA-53AD-4DA8-A62E-CD8C85B4D0D4}.Release|Any CPU.Build.0 = Release|Any CPU
		{4B9E6C55-AF95-4795-98A6-C177A3A66FD1}.Debug|Any CPU.ActiveCfg = Debug|Any CPU
		{4B9E6C55-AF95-4795-98A6-C177A3A66FD1}.Debug|Any CPU.Build.0 = Debug|Any CPU
		{4B9E6C55-AF95-4795-98A6-C177A3A66FD1}.Release|Any CPU.ActiveCfg = Release|Any CPU
		{4B9E6C55-AF95-4795-98A6-C177A3A66FD1}.Release|Any CPU.Build.0 = Release|Any CPU
		{BA862CB5-A7E6-4A72-B866-ACBB402DFBCF}.Debug|Any CPU.ActiveCfg = Debug|Any CPU
		{BA862CB5-A7E6-4A72-B866-ACBB402DFBCF}.Debug|Any CPU.Build.0 = Debug|Any CPU
		{BA862CB5-A7E6-4A72-B866-ACBB402DFBCF}.Release|Any CPU.ActiveCfg = Release|Any CPU
		{BA862CB5-A7E6-4A72-B866-ACBB402DFBCF}.Release|Any CPU.Build.0 = Release|Any CPU
	EndGlobalSection
	GlobalSection(SolutionProperties) = preSolution
		HideSolutionNode = FALSE
	EndGlobalSection
EndGlobal
